
Microsoft Visual Studio Solution File, Format Version 12.00
# Visual Studio Version 17
VisualStudioVersion = 17.0.31903.59
MinimumVisualStudioVersion = 10.0.40219.1
Project("{2150E333-8FDC-42A3-9474-1A3956D46DE8}") = "DNP_Assignment1_and2", "DNP_Assignment1_and2", "{257DB756-FA87-0748-C991-0E55F4F1DCE6}"
EndProject
Project("{2150E333-8FDC-42A3-9474-1A3956D46DE8}") = "Server", "Server", "{38FB01BA-598E-1A21-832D-D49C1CDDEC4C}"
EndProject
Project("{FAE04EC0-301F-11D3-BF4B-00C04F79EFBC}") = "Entities", "Server\Entities\Entities.csproj", "{5451CBD7-7E79-4B67-85A2-B5630D1D37D3}"
EndProject
Project("{FAE04EC0-301F-11D3-BF4B-00C04F79EFBC}") = "InMemoryRepositories", "Server\InMemoryRepositories\InMemoryRepositories.csproj", "{0D8820B1-0BB9-445B-840D-CD7DCCEE5748}"
EndProject
Project("{FAE04EC0-301F-11D3-BF4B-00C04F79EFBC}") = "RepositoryContract", "Server\RepositoryContract\RepositoryContract.csproj", "{D4192929-A5DD-4E5F-897F-85E20683E9CA}"
EndProject
Project("{FAE04EC0-301F-11D3-BF4B-00C04F79EFBC}") = "CLI", "DNP_Assignment1_and2\Server\CLI\CLI.csproj", "{452CC45E-2B31-4209-A7CE-D69B85504C22}"
EndProject
Project("{FAE04EC0-301F-11D3-BF4B-00C04F79EFBC}") = "FileRepositories", "FileRepositories\FileRepositories.csproj", "{4A50CC6B-35E4-4B2F-BDE6-1BEA043FC3C1}"
EndProject
Project("{2150E333-8FDC-42A3-9474-1A3956D46DE8}") = "Shared", "Shared", "{02EA681E-C7D8-13C7-8484-4AC65E1B71E8}"
EndProject
Project("{FAE04EC0-301F-11D3-BF4B-00C04F79EFBC}") = "ApiContracts", "ApiContracts\ApiContracts.csproj", "{C70DDC75-54EC-4170-86F8-7F5143C44585}"
EndProject
Project("{FAE04EC0-301F-11D3-BF4B-00C04F79EFBC}") = "WebAPI", "WebAPI\WebAPI.csproj", "{CF5F4CC6-4697-4739-8FBC-E4653FC6ED7F}"
EndProject
Project("{2150E333-8FDC-42A3-9474-1A3956D46DE8}") = "Client", "Client", "{F9D3CFA8-E985-468A-AF2C-5108E72324B2}"
EndProject
Project("{FAE04EC0-301F-11D3-BF4B-00C04F79EFBC}") = "BlazorApp", "BlazorApp\BlazorApp.csproj", "{167C1F6C-70EF-494D-B53C-DF1A07624D67}"
EndProject
Project("{FAE04EC0-301F-11D3-BF4B-00C04F79EFBC}") = "EfcRepositories", "EfcRepositories\EfcRepositories.csproj", "{4BEF1FC0-3126-460A-8249-F43393289464}"
EndProject
Global
	GlobalSection(SolutionConfigurationPlatforms) = preSolution
		Debug|Any CPU = Debug|Any CPU
		Debug|x64 = Debug|x64
		Debug|x86 = Debug|x86
		Release|Any CPU = Release|Any CPU
		Release|x64 = Release|x64
		Release|x86 = Release|x86
	EndGlobalSection
	GlobalSection(ProjectConfigurationPlatforms) = postSolution
		{5451CBD7-7E79-4B67-85A2-B5630D1D37D3}.Debug|Any CPU.ActiveCfg = Debug|Any CPU
		{5451CBD7-7E79-4B67-85A2-B5630D1D37D3}.Debug|Any CPU.Build.0 = Debug|Any CPU
		{5451CBD7-7E79-4B67-85A2-B5630D1D37D3}.Debug|x64.ActiveCfg = Debug|Any CPU
		{5451CBD7-7E79-4B67-85A2-B5630D1D37D3}.Debug|x64.Build.0 = Debug|Any CPU
		{5451CBD7-7E79-4B67-85A2-B5630D1D37D3}.Debug|x86.ActiveCfg = Debug|Any CPU
		{5451CBD7-7E79-4B67-85A2-B5630D1D37D3}.Debug|x86.Build.0 = Debug|Any CPU
		{5451CBD7-7E79-4B67-85A2-B5630D1D37D3}.Release|Any CPU.ActiveCfg = Release|Any CPU
		{5451CBD7-7E79-4B67-85A2-B5630D1D37D3}.Release|Any CPU.Build.0 = Release|Any CPU
		{5451CBD7-7E79-4B67-85A2-B5630D1D37D3}.Release|x64.ActiveCfg = Release|Any CPU
		{5451CBD7-7E79-4B67-85A2-B5630D1D37D3}.Release|x64.Build.0 = Release|Any CPU
		{5451CBD7-7E79-4B67-85A2-B5630D1D37D3}.Release|x86.ActiveCfg = Release|Any CPU
		{5451CBD7-7E79-4B67-85A2-B5630D1D37D3}.Release|x86.Build.0 = Release|Any CPU
		{0D8820B1-0BB9-445B-840D-CD7DCCEE5748}.Debug|Any CPU.ActiveCfg = Debug|Any CPU
		{0D8820B1-0BB9-445B-840D-CD7DCCEE5748}.Debug|Any CPU.Build.0 = Debug|Any CPU
		{0D8820B1-0BB9-445B-840D-CD7DCCEE5748}.Debug|x64.ActiveCfg = Debug|Any CPU
		{0D8820B1-0BB9-445B-840D-CD7DCCEE5748}.Debug|x64.Build.0 = Debug|Any CPU
		{0D8820B1-0BB9-445B-840D-CD7DCCEE5748}.Debug|x86.ActiveCfg = Debug|Any CPU
		{0D8820B1-0BB9-445B-840D-CD7DCCEE5748}.Debug|x86.Build.0 = Debug|Any CPU
		{0D8820B1-0BB9-445B-840D-CD7DCCEE5748}.Release|Any CPU.ActiveCfg = Release|Any CPU
		{0D8820B1-0BB9-445B-840D-CD7DCCEE5748}.Release|Any CPU.Build.0 = Release|Any CPU
		{0D8820B1-0BB9-445B-840D-CD7DCCEE5748}.Release|x64.ActiveCfg = Release|Any CPU
		{0D8820B1-0BB9-445B-840D-CD7DCCEE5748}.Release|x64.Build.0 = Release|Any CPU
		{0D8820B1-0BB9-445B-840D-CD7DCCEE5748}.Release|x86.ActiveCfg = Release|Any CPU
		{0D8820B1-0BB9-445B-840D-CD7DCCEE5748}.Release|x86.Build.0 = Release|Any CPU
		{D4192929-A5DD-4E5F-897F-85E20683E9CA}.Debug|Any CPU.ActiveCfg = Debug|Any CPU
		{D4192929-A5DD-4E5F-897F-85E20683E9CA}.Debug|Any CPU.Build.0 = Debug|Any CPU
		{D4192929-A5DD-4E5F-897F-85E20683E9CA}.Debug|x64.ActiveCfg = Debug|Any CPU
		{D4192929-A5DD-4E5F-897F-85E20683E9CA}.Debug|x64.Build.0 = Debug|Any CPU
		{D4192929-A5DD-4E5F-897F-85E20683E9CA}.Debug|x86.ActiveCfg = Debug|Any CPU
		{D4192929-A5DD-4E5F-897F-85E20683E9CA}.Debug|x86.Build.0 = Debug|Any CPU
		{D4192929-A5DD-4E5F-897F-85E20683E9CA}.Release|Any CPU.ActiveCfg = Release|Any CPU
		{D4192929-A5DD-4E5F-897F-85E20683E9CA}.Release|Any CPU.Build.0 = Release|Any CPU
		{D4192929-A5DD-4E5F-897F-85E20683E9CA}.Release|x64.ActiveCfg = Release|Any CPU
		{D4192929-A5DD-4E5F-897F-85E20683E9CA}.Release|x64.Build.0 = Release|Any CPU
		{D4192929-A5DD-4E5F-897F-85E20683E9CA}.Release|x86.ActiveCfg = Release|Any CPU
		{D4192929-A5DD-4E5F-897F-85E20683E9CA}.Release|x86.Build.0 = Release|Any CPU
		{452CC45E-2B31-4209-A7CE-D69B85504C22}.Debug|Any CPU.ActiveCfg = Debug|Any CPU
		{452CC45E-2B31-4209-A7CE-D69B85504C22}.Debug|Any CPU.Build.0 = Debug|Any CPU
		{452CC45E-2B31-4209-A7CE-D69B85504C22}.Debug|x64.ActiveCfg = Debug|Any CPU
		{452CC45E-2B31-4209-A7CE-D69B85504C22}.Debug|x64.Build.0 = Debug|Any CPU
		{452CC45E-2B31-4209-A7CE-D69B85504C22}.Debug|x86.ActiveCfg = Debug|Any CPU
		{452CC45E-2B31-4209-A7CE-D69B85504C22}.Debug|x86.Build.0 = Debug|Any CPU
		{452CC45E-2B31-4209-A7CE-D69B85504C22}.Release|Any CPU.ActiveCfg = Release|Any CPU
		{452CC45E-2B31-4209-A7CE-D69B85504C22}.Release|Any CPU.Build.0 = Release|Any CPU
		{452CC45E-2B31-4209-A7CE-D69B85504C22}.Release|x64.ActiveCfg = Release|Any CPU
		{452CC45E-2B31-4209-A7CE-D69B85504C22}.Release|x64.Build.0 = Release|Any CPU
		{452CC45E-2B31-4209-A7CE-D69B85504C22}.Release|x86.ActiveCfg = Release|Any CPU
		{452CC45E-2B31-4209-A7CE-D69B85504C22}.Release|x86.Build.0 = Release|Any CPU
		{4A50CC6B-35E4-4B2F-BDE6-1BEA043FC3C1}.Debug|Any CPU.ActiveCfg = Debug|Any CPU
		{4A50CC6B-35E4-4B2F-BDE6-1BEA043FC3C1}.Debug|Any CPU.Build.0 = Debug|Any CPU
		{4A50CC6B-35E4-4B2F-BDE6-1BEA043FC3C1}.Debug|x64.ActiveCfg = Debug|Any CPU
		{4A50CC6B-35E4-4B2F-BDE6-1BEA043FC3C1}.Debug|x64.Build.0 = Debug|Any CPU
		{4A50CC6B-35E4-4B2F-BDE6-1BEA043FC3C1}.Debug|x86.ActiveCfg = Debug|Any CPU
		{4A50CC6B-35E4-4B2F-BDE6-1BEA043FC3C1}.Debug|x86.Build.0 = Debug|Any CPU
		{4A50CC6B-35E4-4B2F-BDE6-1BEA043FC3C1}.Release|Any CPU.ActiveCfg = Release|Any CPU
		{4A50CC6B-35E4-4B2F-BDE6-1BEA043FC3C1}.Release|Any CPU.Build.0 = Release|Any CPU
		{4A50CC6B-35E4-4B2F-BDE6-1BEA043FC3C1}.Release|x64.ActiveCfg = Release|Any CPU
		{4A50CC6B-35E4-4B2F-BDE6-1BEA043FC3C1}.Release|x64.Build.0 = Release|Any CPU
		{4A50CC6B-35E4-4B2F-BDE6-1BEA043FC3C1}.Release|x86.ActiveCfg = Release|Any CPU
		{4A50CC6B-35E4-4B2F-BDE6-1BEA043FC3C1}.Release|x86.Build.0 = Release|Any CPU
		{C70DDC75-54EC-4170-86F8-7F5143C44585}.Debug|Any CPU.ActiveCfg = Debug|Any CPU
		{C70DDC75-54EC-4170-86F8-7F5143C44585}.Debug|Any CPU.Build.0 = Debug|Any CPU
		{C70DDC75-54EC-4170-86F8-7F5143C44585}.Debug|x64.ActiveCfg = Debug|Any CPU
		{C70DDC75-54EC-4170-86F8-7F5143C44585}.Debug|x64.Build.0 = Debug|Any CPU
		{C70DDC75-54EC-4170-86F8-7F5143C44585}.Debug|x86.ActiveCfg = Debug|Any CPU
		{C70DDC75-54EC-4170-86F8-7F5143C44585}.Debug|x86.Build.0 = Debug|Any CPU
		{C70DDC75-54EC-4170-86F8-7F5143C44585}.Release|Any CPU.ActiveCfg = Release|Any CPU
		{C70DDC75-54EC-4170-86F8-7F5143C44585}.Release|Any CPU.Build.0 = Release|Any CPU
		{C70DDC75-54EC-4170-86F8-7F5143C44585}.Release|x64.ActiveCfg = Release|Any CPU
		{C70DDC75-54EC-4170-86F8-7F5143C44585}.Release|x64.Build.0 = Release|Any CPU
		{C70DDC75-54EC-4170-86F8-7F5143C44585}.Release|x86.ActiveCfg = Release|Any CPU
		{C70DDC75-54EC-4170-86F8-7F5143C44585}.Release|x86.Build.0 = Release|Any CPU
		{CF5F4CC6-4697-4739-8FBC-E4653FC6ED7F}.Debug|Any CPU.ActiveCfg = Debug|Any CPU
		{CF5F4CC6-4697-4739-8FBC-E4653FC6ED7F}.Debug|Any CPU.Build.0 = Debug|Any CPU
		{CF5F4CC6-4697-4739-8FBC-E4653FC6ED7F}.Debug|x64.ActiveCfg = Debug|Any CPU
		{CF5F4CC6-4697-4739-8FBC-E4653FC6ED7F}.Debug|x64.Build.0 = Debug|Any CPU
		{CF5F4CC6-4697-4739-8FBC-E4653FC6ED7F}.Debug|x86.ActiveCfg = Debug|Any CPU
		{CF5F4CC6-4697-4739-8FBC-E4653FC6ED7F}.Debug|x86.Build.0 = Debug|Any CPU
		{CF5F4CC6-4697-4739-8FBC-E4653FC6ED7F}.Release|Any CPU.ActiveCfg = Release|Any CPU
		{CF5F4CC6-4697-4739-8FBC-E4653FC6ED7F}.Release|Any CPU.Build.0 = Release|Any CPU
		{CF5F4CC6-4697-4739-8FBC-E4653FC6ED7F}.Release|x64.ActiveCfg = Release|Any CPU
		{CF5F4CC6-4697-4739-8FBC-E4653FC6ED7F}.Release|x64.Build.0 = Release|Any CPU
		{CF5F4CC6-4697-4739-8FBC-E4653FC6ED7F}.Release|x86.ActiveCfg = Release|Any CPU
		{CF5F4CC6-4697-4739-8FBC-E4653FC6ED7F}.Release|x86.Build.0 = Release|Any CPU
		{167C1F6C-70EF-494D-B53C-DF1A07624D67}.Debug|Any CPU.ActiveCfg = Debug|Any CPU
		{167C1F6C-70EF-494D-B53C-DF1A07624D67}.Debug|Any CPU.Build.0 = Debug|Any CPU
		{167C1F6C-70EF-494D-B53C-DF1A07624D67}.Debug|x64.ActiveCfg = Debug|Any CPU
		{167C1F6C-70EF-494D-B53C-DF1A07624D67}.Debug|x64.Build.0 = Debug|Any CPU
		{167C1F6C-70EF-494D-B53C-DF1A07624D67}.Debug|x86.ActiveCfg = Debug|Any CPU
		{167C1F6C-70EF-494D-B53C-DF1A07624D67}.Debug|x86.Build.0 = Debug|Any CPU
		{167C1F6C-70EF-494D-B53C-DF1A07624D67}.Release|Any CPU.ActiveCfg = Release|Any CPU
		{167C1F6C-70EF-494D-B53C-DF1A07624D67}.Release|Any CPU.Build.0 = Release|Any CPU
		{167C1F6C-70EF-494D-B53C-DF1A07624D67}.Release|x64.ActiveCfg = Release|Any CPU
		{167C1F6C-70EF-494D-B53C-DF1A07624D67}.Release|x64.Build.0 = Release|Any CPU
		{167C1F6C-70EF-494D-B53C-DF1A07624D67}.Release|x86.ActiveCfg = Release|Any CPU
		{167C1F6C-70EF-494D-B53C-DF1A07624D67}.Release|x86.Build.0 = Release|Any CPU
		{4BEF1FC0-3126-460A-8249-F43393289464}.Debug|Any CPU.ActiveCfg = Debug|Any CPU
		{4BEF1FC0-3126-460A-8249-F43393289464}.Debug|Any CPU.Build.0 = Debug|Any CPU
		{4BEF1FC0-3126-460A-8249-F43393289464}.Debug|x64.ActiveCfg = Debug|Any CPU
		{4BEF1FC0-3126-460A-8249-F43393289464}.Debug|x64.Build.0 = Debug|Any CPU
		{4BEF1FC0-3126-460A-8249-F43393289464}.Debug|x86.ActiveCfg = Debug|Any CPU
		{4BEF1FC0-3126-460A-8249-F43393289464}.Debug|x86.Build.0 = Debug|Any CPU
		{4BEF1FC0-3126-460A-8249-F43393289464}.Release|Any CPU.ActiveCfg = Release|Any CPU
		{4BEF1FC0-3126-460A-8249-F43393289464}.Release|Any CPU.Build.0 = Release|Any CPU
		{4BEF1FC0-3126-460A-8249-F43393289464}.Release|x64.ActiveCfg = Release|Any CPU
		{4BEF1FC0-3126-460A-8249-F43393289464}.Release|x64.Build.0 = Release|Any CPU
		{4BEF1FC0-3126-460A-8249-F43393289464}.Release|x86.ActiveCfg = Release|Any CPU
		{4BEF1FC0-3126-460A-8249-F43393289464}.Release|x86.Build.0 = Release|Any CPU
	EndGlobalSection
	GlobalSection(SolutionProperties) = preSolution
		HideSolutionNode = FALSE
	EndGlobalSection
	GlobalSection(NestedProjects) = preSolution
		{38FB01BA-598E-1A21-832D-D49C1CDDEC4C} = {257DB756-FA87-0748-C991-0E55F4F1DCE6}
		{5451CBD7-7E79-4B67-85A2-B5630D1D37D3} = {38FB01BA-598E-1A21-832D-D49C1CDDEC4C}
		{0D8820B1-0BB9-445B-840D-CD7DCCEE5748} = {38FB01BA-598E-1A21-832D-D49C1CDDEC4C}
		{D4192929-A5DD-4E5F-897F-85E20683E9CA} = {38FB01BA-598E-1A21-832D-D49C1CDDEC4C}
		{452CC45E-2B31-4209-A7CE-D69B85504C22} = {38FB01BA-598E-1A21-832D-D49C1CDDEC4C}
		{4A50CC6B-35E4-4B2F-BDE6-1BEA043FC3C1} = {38FB01BA-598E-1A21-832D-D49C1CDDEC4C}
		{02EA681E-C7D8-13C7-8484-4AC65E1B71E8} = {257DB756-FA87-0748-C991-0E55F4F1DCE6}
		{C70DDC75-54EC-4170-86F8-7F5143C44585} = {02EA681E-C7D8-13C7-8484-4AC65E1B71E8}
		{CF5F4CC6-4697-4739-8FBC-E4653FC6ED7F} = {38FB01BA-598E-1A21-832D-D49C1CDDEC4C}
		{F9D3CFA8-E985-468A-AF2C-5108E72324B2} = {257DB756-FA87-0748-C991-0E55F4F1DCE6}
		{167C1F6C-70EF-494D-B53C-DF1A07624D67} = {F9D3CFA8-E985-468A-AF2C-5108E72324B2}
		{4BEF1FC0-3126-460A-8249-F43393289464} = {38FB01BA-598E-1A21-832D-D49C1CDDEC4C}
	EndGlobalSection
	GlobalSection(ExtensibilityGlobals) = postSolution
		SolutionGuid = {BDBA6F73-C157-4C3A-9357-409B11A9C879}
	EndGlobalSection
EndGlobal
